
Microsoft Visual Studio Solution File, Format Version 12.00
# Visual Studio Version 17
VisualStudioVersion = 17.3.32804.467
MinimumVisualStudioVersion = 10.0.40219.1
Project("{FAE04EC0-301F-11D3-BF4B-00C04F79EFBC}") = "lessonDB", "lessonDB\lessonDB.csproj", "{ED6FA837-8B45-413E-AFB9-24A92F4514EB}"
EndProject
Global
	GlobalSection(SolutionConfigurationPlatforms) = preSolution
		Debug|Any CPU = Debug|Any CPU
		Release|Any CPU = Release|Any CPU
	EndGlobalSection
	GlobalSection(ProjectConfigurationPlatforms) = postSolution
		{ED6FA837-8B45-413E-AFB9-24A92F4514EB}.Debug|Any CPU.ActiveCfg = Debug|Any CPU
		{ED6FA837-8B45-413E-AFB9-24A92F4514EB}.Debug|Any CPU.Build.0 = Debug|Any CPU
		{ED6FA837-8B45-413E-AFB9-24A92F4514EB}.Release|Any CPU.ActiveCfg = Release|Any CPU
		{ED6FA837-8B45-413E-AFB9-24A92F4514EB}.Release|Any CPU.Build.0 = Release|Any CPU
	EndGlobalSection
	GlobalSection(SolutionProperties) = preSolution
		HideSolutionNode = FALSE
	EndGlobalSection
	GlobalSection(ExtensibilityGlobals) = postSolution
		SolutionGuid = {C20BB890-0867-4AFF-8B03-A97D8CCF6EA7}
	EndGlobalSection
EndGlobal
